
Microsoft Visual Studio Solution File, Format Version 12.00
# Visual Studio Version 17
VisualStudioVersion = 17.12.35514.174
MinimumVisualStudioVersion = 10.0.40219.1
Project("{FAE04EC0-301F-11D3-BF4B-00C04F79EFBC}") = "C#_ITC_Nov", "C#_ITC_Nov\C#_ITC_Nov.csproj", "{55B9E408-B804-4E96-8452-593CA6096C07}"
EndProject
Project("{FAE04EC0-301F-11D3-BF4B-00C04F79EFBC}") = "Day2", "Day2\Day2.csproj", "{E874EC3D-51E2-4D31-8E08-F6E32D3E3340}"
EndProject
Project("{FAE04EC0-301F-11D3-BF4B-00C04F79EFBC}") = "BloodType", "BloodType\BloodType.csproj", "{E9F57E65-B2C9-42FD-AD03-47D3B4BEB978}"
EndProject
Project("{FAE04EC0-301F-11D3-BF4B-00C04F79EFBC}") = "BMI_Calculator", "BMI_Calculator\BMI_Calculator.csproj", "{F7AC7C35-9201-4E30-8026-6219A09D15B4}"
EndProject
Project("{FAE04EC0-301F-11D3-BF4B-00C04F79EFBC}") = "Day5", "Day5\Day5.csproj", "{F9E8503B-2C06-4E3E-A2EF-69E434FD639E}"
EndProject
Project("{FAE04EC0-301F-11D3-BF4B-00C04F79EFBC}") = "Multiplication", "Multiplication\Multiplication.csproj", "{3BE49124-65D5-40C8-BE03-3D989A1603EC}"
EndProject
Project("{FAE04EC0-301F-11D3-BF4B-00C04F79EFBC}") = "Day", "Equal\Day.csproj", "{A482460E-30C0-470E-8698-17C00DF0230B}"
EndProject
Project("{FAE04EC0-301F-11D3-BF4B-00C04F79EFBC}") = "MenuDrivenProgram", "MenuDrivenProgram\MenuDrivenProgram.csproj", "{ACCCD95C-964A-450C-BC1A-0E127935E358}"
EndProject
Project("{FAE04EC0-301F-11D3-BF4B-00C04F79EFBC}") = "Array", "ReverseArray\Array.csproj", "{B3B28B96-F230-462A-BF26-2167BF0CADC9}"
EndProject
Project("{FAE04EC0-301F-11D3-BF4B-00C04F79EFBC}") = "ItMall", "ItMall\ItMall.csproj", "{B17D10BB-C376-485A-882E-E9537338AE20}"
EndProject
Project("{FAE04EC0-301F-11D3-BF4B-00C04F79EFBC}") = "StackCollection", "Stack\StackCollection.csproj", "{F99B211C-8C97-4E0C-B6A1-8A58FEF33220}"
EndProject
Project("{FAE04EC0-301F-11D3-BF4B-00C04F79EFBC}") = "DictionaryCollection", "Dictionary\DictionaryCollection.csproj", "{D062D6B6-82F3-40E5-9E56-8722786B5E86}"
EndProject
Project("{FAE04EC0-301F-11D3-BF4B-00C04F79EFBC}") = "DayOOP", "DayOOP\DayOOP.csproj", "{846529AC-06FE-4B35-BFCF-2D8EA991BF3D}"
EndProject
Project("{FAE04EC0-301F-11D3-BF4B-00C04F79EFBC}") = "Method", "Method\Method.csproj", "{24625584-C0B9-4BCE-A5D7-209E0C1A8676}"
EndProject
Project("{FAE04EC0-301F-11D3-BF4B-00C04F79EFBC}") = "Day7", "Day7\Day7.csproj", "{A6F6E3D8-F094-4C58-BE4D-C4C531F49FF7}"
EndProject
Project("{FAE04EC0-301F-11D3-BF4B-00C04F79EFBC}") = "RemoveCharacter", "RemoveCharacter\RemoveCharacter.csproj", "{1469C3E4-4C19-42F2-8798-832A86990825}"
EndProject
Project("{FAE04EC0-301F-11D3-BF4B-00C04F79EFBC}") = "Parameter", "Parameter\Parameter.csproj", "{1780A79A-9A72-4F4A-AC39-FAAAEBE5AB33}"
EndProject
Project("{FAE04EC0-301F-11D3-BF4B-00C04F79EFBC}") = "StarUniversity", "StarUniversity\StarUniversity.csproj", "{CF0DC324-9C57-4A4B-A34E-D798A1FF31BF}"
EndProject
Project("{FAE04EC0-301F-11D3-BF4B-00C04F79EFBC}") = "CityShop", "CityShop\CityShop.csproj", "{D4ADC476-E205-44B2-975E-5CE1493C4616}"
EndProject
Project("{FAE04EC0-301F-11D3-BF4B-00C04F79EFBC}") = "DayDelegate", "DayDelegate\DayDelegate.csproj", "{F14B1A6E-A1E3-4F32-901B-A0C07B0BCACA}"
EndProject
Project("{FAE04EC0-301F-11D3-BF4B-00C04F79EFBC}") = "LamdaExpression", "LamdaExpression\LamdaExpression.csproj", "{3CCD2CBB-8C71-4BF8-8BB1-B49E463B1558}"
EndProject
Project("{FAE04EC0-301F-11D3-BF4B-00C04F79EFBC}") = "Day8", "Day8\Day8.csproj", "{CFDCB67D-8AC2-4EB6-8F3C-D93659BF5A75}"
EndProject
Global
	GlobalSection(SolutionConfigurationPlatforms) = preSolution
		Debug|Any CPU = Debug|Any CPU
		Release|Any CPU = Release|Any CPU
	EndGlobalSection
	GlobalSection(ProjectConfigurationPlatforms) = postSolution
		{55B9E408-B804-4E96-8452-593CA6096C07}.Debug|Any CPU.ActiveCfg = Debug|Any CPU
		{55B9E408-B804-4E96-8452-593CA6096C07}.Debug|Any CPU.Build.0 = Debug|Any CPU
		{55B9E408-B804-4E96-8452-593CA6096C07}.Release|Any CPU.ActiveCfg = Release|Any CPU
		{55B9E408-B804-4E96-8452-593CA6096C07}.Release|Any CPU.Build.0 = Release|Any CPU
		{E874EC3D-51E2-4D31-8E08-F6E32D3E3340}.Debug|Any CPU.ActiveCfg = Debug|Any CPU
		{E874EC3D-51E2-4D31-8E08-F6E32D3E3340}.Debug|Any CPU.Build.0 = Debug|Any CPU
		{E874EC3D-51E2-4D31-8E08-F6E32D3E3340}.Release|Any CPU.ActiveCfg = Release|Any CPU
		{E874EC3D-51E2-4D31-8E08-F6E32D3E3340}.Release|Any CPU.Build.0 = Release|Any CPU
		{E9F57E65-B2C9-42FD-AD03-47D3B4BEB978}.Debug|Any CPU.ActiveCfg = Debug|Any CPU
		{E9F57E65-B2C9-42FD-AD03-47D3B4BEB978}.Debug|Any CPU.Build.0 = Debug|Any CPU
		{E9F57E65-B2C9-42FD-AD03-47D3B4BEB978}.Release|Any CPU.ActiveCfg = Release|Any CPU
		{E9F57E65-B2C9-42FD-AD03-47D3B4BEB978}.Release|Any CPU.Build.0 = Release|Any CPU
		{F7AC7C35-9201-4E30-8026-6219A09D15B4}.Debug|Any CPU.ActiveCfg = Debug|Any CPU
		{F7AC7C35-9201-4E30-8026-6219A09D15B4}.Debug|Any CPU.Build.0 = Debug|Any CPU
		{F7AC7C35-9201-4E30-8026-6219A09D15B4}.Release|Any CPU.ActiveCfg = Release|Any CPU
		{F7AC7C35-9201-4E30-8026-6219A09D15B4}.Release|Any CPU.Build.0 = Release|Any CPU
		{F9E8503B-2C06-4E3E-A2EF-69E434FD639E}.Debug|Any CPU.ActiveCfg = Debug|Any CPU
		{F9E8503B-2C06-4E3E-A2EF-69E434FD639E}.Debug|Any CPU.Build.0 = Debug|Any CPU
		{F9E8503B-2C06-4E3E-A2EF-69E434FD639E}.Release|Any CPU.ActiveCfg = Release|Any CPU
		{F9E8503B-2C06-4E3E-A2EF-69E434FD639E}.Release|Any CPU.Build.0 = Release|Any CPU
		{3BE49124-65D5-40C8-BE03-3D989A1603EC}.Debug|Any CPU.ActiveCfg = Debug|Any CPU
		{3BE49124-65D5-40C8-BE03-3D989A1603EC}.Debug|Any CPU.Build.0 = Debug|Any CPU
		{3BE49124-65D5-40C8-BE03-3D989A1603EC}.Release|Any CPU.ActiveCfg = Release|Any CPU
		{3BE49124-65D5-40C8-BE03-3D989A1603EC}.Release|Any CPU.Build.0 = Release|Any CPU
		{A482460E-30C0-470E-8698-17C00DF0230B}.Debug|Any CPU.ActiveCfg = Debug|Any CPU
		{A482460E-30C0-470E-8698-17C00DF0230B}.Debug|Any CPU.Build.0 = Debug|Any CPU
		{A482460E-30C0-470E-8698-17C00DF0230B}.Release|Any CPU.ActiveCfg = Release|Any CPU
		{A482460E-30C0-470E-8698-17C00DF0230B}.Release|Any CPU.Build.0 = Release|Any CPU
		{ACCCD95C-964A-450C-BC1A-0E127935E358}.Debug|Any CPU.ActiveCfg = Debug|Any CPU
		{ACCCD95C-964A-450C-BC1A-0E127935E358}.Debug|Any CPU.Build.0 = Debug|Any CPU
		{ACCCD95C-964A-450C-BC1A-0E127935E358}.Release|Any CPU.ActiveCfg = Release|Any CPU
		{ACCCD95C-964A-450C-BC1A-0E127935E358}.Release|Any CPU.Build.0 = Release|Any CPU
		{B3B28B96-F230-462A-BF26-2167BF0CADC9}.Debug|Any CPU.ActiveCfg = Debug|Any CPU
		{B3B28B96-F230-462A-BF26-2167BF0CADC9}.Debug|Any CPU.Build.0 = Debug|Any CPU
		{B3B28B96-F230-462A-BF26-2167BF0CADC9}.Release|Any CPU.ActiveCfg = Release|Any CPU
		{B3B28B96-F230-462A-BF26-2167BF0CADC9}.Release|Any CPU.Build.0 = Release|Any CPU
		{B17D10BB-C376-485A-882E-E9537338AE20}.Debug|Any CPU.ActiveCfg = Debug|Any CPU
		{B17D10BB-C376-485A-882E-E9537338AE20}.Debug|Any CPU.Build.0 = Debug|Any CPU
		{B17D10BB-C376-485A-882E-E9537338AE20}.Release|Any CPU.ActiveCfg = Release|Any CPU
		{B17D10BB-C376-485A-882E-E9537338AE20}.Release|Any CPU.Build.0 = Release|Any CPU
		{F99B211C-8C97-4E0C-B6A1-8A58FEF33220}.Debug|Any CPU.ActiveCfg = Debug|Any CPU
		{F99B211C-8C97-4E0C-B6A1-8A58FEF33220}.Debug|Any CPU.Build.0 = Debug|Any CPU
		{F99B211C-8C97-4E0C-B6A1-8A58FEF33220}.Release|Any CPU.ActiveCfg = Release|Any CPU
		{F99B211C-8C97-4E0C-B6A1-8A58FEF33220}.Release|Any CPU.Build.0 = Release|Any CPU
		{D062D6B6-82F3-40E5-9E56-8722786B5E86}.Debug|Any CPU.ActiveCfg = Debug|Any CPU
		{D062D6B6-82F3-40E5-9E56-8722786B5E86}.Debug|Any CPU.Build.0 = Debug|Any CPU
		{D062D6B6-82F3-40E5-9E56-8722786B5E86}.Release|Any CPU.ActiveCfg = Release|Any CPU
		{D062D6B6-82F3-40E5-9E56-8722786B5E86}.Release|Any CPU.Build.0 = Release|Any CPU
		{846529AC-06FE-4B35-BFCF-2D8EA991BF3D}.Debug|Any CPU.ActiveCfg = Debug|Any CPU
		{846529AC-06FE-4B35-BFCF-2D8EA991BF3D}.Debug|Any CPU.Build.0 = Debug|Any CPU
		{846529AC-06FE-4B35-BFCF-2D8EA991BF3D}.Release|Any CPU.ActiveCfg = Release|Any CPU
		{846529AC-06FE-4B35-BFCF-2D8EA991BF3D}.Release|Any CPU.Build.0 = Release|Any CPU
		{24625584-C0B9-4BCE-A5D7-209E0C1A8676}.Debug|Any CPU.ActiveCfg = Debug|Any CPU
		{24625584-C0B9-4BCE-A5D7-209E0C1A8676}.Debug|Any CPU.Build.0 = Debug|Any CPU
		{24625584-C0B9-4BCE-A5D7-209E0C1A8676}.Release|Any CPU.ActiveCfg = Release|Any CPU
		{24625584-C0B9-4BCE-A5D7-209E0C1A8676}.Release|Any CPU.Build.0 = Release|Any CPU
		{A6F6E3D8-F094-4C58-BE4D-C4C531F49FF7}.Debug|Any CPU.ActiveCfg = Debug|Any CPU
		{A6F6E3D8-F094-4C58-BE4D-C4C531F49FF7}.Debug|Any CPU.Build.0 = Debug|Any CPU
		{A6F6E3D8-F094-4C58-BE4D-C4C531F49FF7}.Release|Any CPU.ActiveCfg = Release|Any CPU
		{A6F6E3D8-F094-4C58-BE4D-C4C531F49FF7}.Release|Any CPU.Build.0 = Release|Any CPU
		{1469C3E4-4C19-42F2-8798-832A86990825}.Debug|Any CPU.ActiveCfg = Debug|Any CPU
		{1469C3E4-4C19-42F2-8798-832A86990825}.Debug|Any CPU.Build.0 = Debug|Any CPU
		{1469C3E4-4C19-42F2-8798-832A86990825}.Release|Any CPU.ActiveCfg = Release|Any CPU
		{1469C3E4-4C19-42F2-8798-832A86990825}.Release|Any CPU.Build.0 = Release|Any CPU
		{1780A79A-9A72-4F4A-AC39-FAAAEBE5AB33}.Debug|Any CPU.ActiveCfg = Debug|Any CPU
		{1780A79A-9A72-4F4A-AC39-FAAAEBE5AB33}.Debug|Any CPU.Build.0 = Debug|Any CPU
		{1780A79A-9A72-4F4A-AC39-FAAAEBE5AB33}.Release|Any CPU.ActiveCfg = Release|Any CPU
		{1780A79A-9A72-4F4A-AC39-FAAAEBE5AB33}.Release|Any CPU.Build.0 = Release|Any CPU
		{CF0DC324-9C57-4A4B-A34E-D798A1FF31BF}.Debug|Any CPU.ActiveCfg = Debug|Any CPU
		{CF0DC324-9C57-4A4B-A34E-D798A1FF31BF}.Debug|Any CPU.Build.0 = Debug|Any CPU
		{CF0DC324-9C57-4A4B-A34E-D798A1FF31BF}.Release|Any CPU.ActiveCfg = Release|Any CPU
		{CF0DC324-9C57-4A4B-A34E-D798A1FF31BF}.Release|Any CPU.Build.0 = Release|Any CPU
		{D4ADC476-E205-44B2-975E-5CE1493C4616}.Debug|Any CPU.ActiveCfg = Debug|Any CPU
		{D4ADC476-E205-44B2-975E-5CE1493C4616}.Debug|Any CPU.Build.0 = Debug|Any CPU
		{D4ADC476-E205-44B2-975E-5CE1493C4616}.Release|Any CPU.ActiveCfg = Release|Any CPU
		{D4ADC476-E205-44B2-975E-5CE1493C4616}.Release|Any CPU.Build.0 = Release|Any CPU
		{F14B1A6E-A1E3-4F32-901B-A0C07B0BCACA}.Debug|Any CPU.ActiveCfg = Debug|Any CPU
		{F14B1A6E-A1E3-4F32-901B-A0C07B0BCACA}.Debug|Any CPU.Build.0 = Debug|Any CPU
		{F14B1A6E-A1E3-4F32-901B-A0C07B0BCACA}.Release|Any CPU.ActiveCfg = Release|Any CPU
		{F14B1A6E-A1E3-4F32-901B-A0C07B0BCACA}.Release|Any CPU.Build.0 = Release|Any CPU
		{3CCD2CBB-8C71-4BF8-8BB1-B49E463B1558}.Debug|Any CPU.ActiveCfg = Debug|Any CPU
		{3CCD2CBB-8C71-4BF8-8BB1-B49E463B1558}.Debug|Any CPU.Build.0 = Debug|Any CPU
		{3CCD2CBB-8C71-4BF8-8BB1-B49E463B1558}.Release|Any CPU.ActiveCfg = Release|Any CPU
		{3CCD2CBB-8C71-4BF8-8BB1-B49E463B1558}.Release|Any CPU.Build.0 = Release|Any CPU
		{CFDCB67D-8AC2-4EB6-8F3C-D93659BF5A75}.Debug|Any CPU.ActiveCfg = Debug|Any CPU
		{CFDCB67D-8AC2-4EB6-8F3C-D93659BF5A75}.Debug|Any CPU.Build.0 = Debug|Any CPU
		{CFDCB67D-8AC2-4EB6-8F3C-D93659BF5A75}.Release|Any CPU.ActiveCfg = Release|Any CPU
		{CFDCB67D-8AC2-4EB6-8F3C-D93659BF5A75}.Release|Any CPU.Build.0 = Release|Any CPU
	EndGlobalSection
	GlobalSection(SolutionProperties) = preSolution
		HideSolutionNode = FALSE
	EndGlobalSection
EndGlobal
