
Microsoft Visual Studio Solution File, Format Version 12.00
# Visual Studio Version 17
VisualStudioVersion = 17.12.35514.174
MinimumVisualStudioVersion = 10.0.40219.1
Project("{FAE04EC0-301F-11D3-BF4B-00C04F79EFBC}") = "C#_ITC_Nov", "C#_ITC_Nov\C#_ITC_Nov.csproj", "{55B9E408-B804-4E96-8452-593CA6096C07}"
EndProject
Project("{FAE04EC0-301F-11D3-BF4B-00C04F79EFBC}") = "Day2", "Day2\Day2.csproj", "{E874EC3D-51E2-4D31-8E08-F6E32D3E3340}"
EndProject
Project("{FAE04EC0-301F-11D3-BF4B-00C04F79EFBC}") = "BloodType", "BloodType\BloodType.csproj", "{E9F57E65-B2C9-42FD-AD03-47D3B4BEB978}"
EndProject
Project("{FAE04EC0-301F-11D3-BF4B-00C04F79EFBC}") = "BMI_Calculator", "BMI_Calculator\BMI_Calculator.csproj", "{F7AC7C35-9201-4E30-8026-6219A09D15B4}"
EndProject
Project("{FAE04EC0-301F-11D3-BF4B-00C04F79EFBC}") = "Day5", "Day5\Day5.csproj", "{F9E8503B-2C06-4E3E-A2EF-69E434FD639E}"
EndProject
Project("{FAE04EC0-301F-11D3-BF4B-00C04F79EFBC}") = "Multiplication", "Multiplication\Multiplication.csproj", "{3BE49124-65D5-40C8-BE03-3D989A1603EC}"
EndProject
Project("{FAE04EC0-301F-11D3-BF4B-00C04F79EFBC}") = "Day", "Equal\Day.csproj", "{A482460E-30C0-470E-8698-17C00DF0230B}"
EndProject
Project("{FAE04EC0-301F-11D3-BF4B-00C04F79EFBC}") = "MenuDrivenProgram", "MenuDrivenProgram\MenuDrivenProgram.csproj", "{ACCCD95C-964A-450C-BC1A-0E127935E358}"
EndProject
Project("{FAE04EC0-301F-11D3-BF4B-00C04F79EFBC}") = "Array", "ReverseArray\Array.csproj", "{B3B28B96-F230-462A-BF26-2167BF0CADC9}"
EndProject
Project("{FAE04EC0-301F-11D3-BF4B-00C04F79EFBC}") = "ItMall", "ItMall\ItMall.csproj", "{B17D10BB-C376-485A-882E-E9537338AE20}"
EndProject
Project("{FAE04EC0-301F-11D3-BF4B-00C04F79EFBC}") = "StackCollection", "Stack\StackCollection.csproj", "{F99B211C-8C97-4E0C-B6A1-8A58FEF33220}"
EndProject
Project("{FAE04EC0-301F-11D3-BF4B-00C04F79EFBC}") = "DictionaryCollection", "Dictionary\DictionaryCollection.csproj", "{D062D6B6-82F3-40E5-9E56-8722786B5E86}"
EndProject
Project("{FAE04EC0-301F-11D3-BF4B-00C04F79EFBC}") = "DayOOP", "DayOOP\DayOOP.csproj", "{846529AC-06FE-4B35-BFCF-2D8EA991BF3D}"
EndProject
Project("{FAE04EC0-301F-11D3-BF4B-00C04F79EFBC}") = "Method", "Method\Method.csproj", "{24625584-C0B9-4BCE-A5D7-209E0C1A8676}"
EndProject
Project("{FAE04EC0-301F-11D3-BF4B-00C04F79EFBC}") = "Day7", "Day7\Day7.csproj", "{A6F6E3D8-F094-4C58-BE4D-C4C531F49FF7}"
EndProject
Project("{FAE04EC0-301F-11D3-BF4B-00C04F79EFBC}") = "RemoveCharacter", "RemoveCharacter\RemoveCharacter.csproj", "{1469C3E4-4C19-42F2-8798-832A86990825}"
EndProject
Project("{FAE04EC0-301F-11D3-BF4B-00C04F79EFBC}") = "Parameter", "Parameter\Parameter.csproj", "{1780A79A-9A72-4F4A-AC39-FAAAEBE5AB33}"
EndProject
Project("{FAE04EC0-301F-11D3-BF4B-00C04F79EFBC}") = "StarUniversity", "StarUniversity\StarUniversity.csproj", "{CF0DC324-9C57-4A4B-A34E-D798A1FF31BF}"
EndProject
Project("{FAE04EC0-301F-11D3-BF4B-00C04F79EFBC}") = "CityShop", "CityShop\CityShop.csproj", "{D4ADC476-E205-44B2-975E-5CE1493C4616}"
EndProject
Project("{FAE04EC0-301F-11D3-BF4B-00C04F79EFBC}") = "DayDelegate", "DayDelegate\DayDelegate.csproj", "{F14B1A6E-A1E3-4F32-901B-A0C07B0BCACA}"
EndProject
Project("{FAE04EC0-301F-11D3-BF4B-00C04F79EFBC}") = "LamdaExpression", "LamdaExpression\LamdaExpression.csproj", "{3CCD2CBB-8C71-4BF8-8BB1-B49E463B1558}"
EndProject
Project("{FAE04EC0-301F-11D3-BF4B-00C04F79EFBC}") = "Day8", "Day8\Day8.csproj", "{CFDCB67D-8AC2-4EB6-8F3C-D93659BF5A75}"
EndProject
Project("{FAE04EC0-301F-11D3-BF4B-00C04F79EFBC}") = "ArraryListProject", "ArraryListProject\ArraryListProject.csproj", "{96530F8E-F241-4612-A62B-844B804B5065}"
EndProject
Project("{FAE04EC0-301F-11D3-BF4B-00C04F79EFBC}") = "Rectangle", "Rectangle\Rectangle.csproj", "{3D63CBF4-60AB-4D01-A230-104E3D606CA3}"
EndProject
Project("{FAE04EC0-301F-11D3-BF4B-00C04F79EFBC}") = "UnitedFC", "UnitedFC\UnitedFC.csproj", "{26A3A82E-4714-4920-9C09-772A88A83518}"
EndProject
Project("{FAE04EC0-301F-11D3-BF4B-00C04F79EFBC}") = "UnitedConsole", "UnitedConsole\UnitedConsole.csproj", "{08A9BCCC-01D6-4200-AA11-C5A068BDAF0E}"
EndProject
Project("{FAE04EC0-301F-11D3-BF4B-00C04F79EFBC}") = "Day9", "Day9\Day9.csproj", "{D67BD450-114C-4CFB-ACCC-833CE81B6443}"
EndProject
Project("{FAE04EC0-301F-11D3-BF4B-00C04F79EFBC}") = "Day10", "Day10\Day10.csproj", "{51F53721-E08B-480A-9FE9-9705BA78F4CE}"
EndProject
Project("{FAE04EC0-301F-11D3-BF4B-00C04F79EFBC}") = "Join", "Join\Join.csproj", "{1B8059D1-7795-4904-B586-95ECDC8A1853}"
EndProject
Project("{FAE04EC0-301F-11D3-BF4B-00C04F79EFBC}") = "Fusion", "Fusion\Fusion.csproj", "{FE92A34B-27D0-48F4-A8EF-A9181F21692D}"
EndProject
Project("{FAE04EC0-301F-11D3-BF4B-00C04F79EFBC}") = "LinqLesson", "LInqLesson\LinqLesson.csproj", "{BA3BB8EE-BF1F-48E4-86A5-F62FFDD066B3}"
EndProject
Project("{FAE04EC0-301F-11D3-BF4B-00C04F79EFBC}") = "TaxCalculationSystem", "CourseaCsharp\TaxCalculationSystem.csproj", "{427AB5B5-F567-4C9F-9DE0-31F989B49CD0}"
EndProject
Project("{FAE04EC0-301F-11D3-BF4B-00C04F79EFBC}") = "PhonePlanSelector", "PhonePlanSelector\PhonePlanSelector.csproj", "{93D7B017-D4AF-4341-B761-8137879D4C85}"
EndProject
Project("{FAE04EC0-301F-11D3-BF4B-00C04F79EFBC}") = "MultipleJoin", "MultipleJoin\MultipleJoin.csproj", "{9DF2D7EB-8D61-4AFB-9875-C57D4312056A}"
EndProject
Project("{FAE04EC0-301F-11D3-BF4B-00C04F79EFBC}") = "Day12", "Day12\Day12.csproj", "{AD1F3DC6-4CFF-4778-A02A-E6C5DEBBF57B}"
EndProject
Project("{FAE04EC0-301F-11D3-BF4B-00C04F79EFBC}") = "StudentORM", "StudentORM\StudentORM.csproj", "{7D3C90A0-3322-4D43-B868-14FC220257D3}"
EndProject
Project("{FAE04EC0-301F-11D3-BF4B-00C04F79EFBC}") = "StudentORMMore", "StudentORMMore\StudentORMMore.csproj", "{125D653F-D838-4E03-ABA0-1A0C5E501CD0}"
EndProject
Project("{FAE04EC0-301F-11D3-BF4B-00C04F79EFBC}") = "CustomerMVC", "StudentMVC\CustomerMVC.csproj", "{30EC33A6-0F6C-483D-B577-00071034C13E}"
EndProject
Global
	GlobalSection(SolutionConfigurationPlatforms) = preSolution
		Debug|Any CPU = Debug|Any CPU
		Release|Any CPU = Release|Any CPU
	EndGlobalSection
	GlobalSection(ProjectConfigurationPlatforms) = postSolution
		{55B9E408-B804-4E96-8452-593CA6096C07}.Debug|Any CPU.ActiveCfg = Debug|Any CPU
		{55B9E408-B804-4E96-8452-593CA6096C07}.Debug|Any CPU.Build.0 = Debug|Any CPU
		{55B9E408-B804-4E96-8452-593CA6096C07}.Release|Any CPU.ActiveCfg = Release|Any CPU
		{55B9E408-B804-4E96-8452-593CA6096C07}.Release|Any CPU.Build.0 = Release|Any CPU
		{E874EC3D-51E2-4D31-8E08-F6E32D3E3340}.Debug|Any CPU.ActiveCfg = Debug|Any CPU
		{E874EC3D-51E2-4D31-8E08-F6E32D3E3340}.Debug|Any CPU.Build.0 = Debug|Any CPU
		{E874EC3D-51E2-4D31-8E08-F6E32D3E3340}.Release|Any CPU.ActiveCfg = Release|Any CPU
		{E874EC3D-51E2-4D31-8E08-F6E32D3E3340}.Release|Any CPU.Build.0 = Release|Any CPU
		{E9F57E65-B2C9-42FD-AD03-47D3B4BEB978}.Debug|Any CPU.ActiveCfg = Debug|Any CPU
		{E9F57E65-B2C9-42FD-AD03-47D3B4BEB978}.Debug|Any CPU.Build.0 = Debug|Any CPU
		{E9F57E65-B2C9-42FD-AD03-47D3B4BEB978}.Release|Any CPU.ActiveCfg = Release|Any CPU
		{E9F57E65-B2C9-42FD-AD03-47D3B4BEB978}.Release|Any CPU.Build.0 = Release|Any CPU
		{F7AC7C35-9201-4E30-8026-6219A09D15B4}.Debug|Any CPU.ActiveCfg = Debug|Any CPU
		{F7AC7C35-9201-4E30-8026-6219A09D15B4}.Debug|Any CPU.Build.0 = Debug|Any CPU
		{F7AC7C35-9201-4E30-8026-6219A09D15B4}.Release|Any CPU.ActiveCfg = Release|Any CPU
		{F7AC7C35-9201-4E30-8026-6219A09D15B4}.Release|Any CPU.Build.0 = Release|Any CPU
		{F9E8503B-2C06-4E3E-A2EF-69E434FD639E}.Debug|Any CPU.ActiveCfg = Debug|Any CPU
		{F9E8503B-2C06-4E3E-A2EF-69E434FD639E}.Debug|Any CPU.Build.0 = Debug|Any CPU
		{F9E8503B-2C06-4E3E-A2EF-69E434FD639E}.Release|Any CPU.ActiveCfg = Release|Any CPU
		{F9E8503B-2C06-4E3E-A2EF-69E434FD639E}.Release|Any CPU.Build.0 = Release|Any CPU
		{3BE49124-65D5-40C8-BE03-3D989A1603EC}.Debug|Any CPU.ActiveCfg = Debug|Any CPU
		{3BE49124-65D5-40C8-BE03-3D989A1603EC}.Debug|Any CPU.Build.0 = Debug|Any CPU
		{3BE49124-65D5-40C8-BE03-3D989A1603EC}.Release|Any CPU.ActiveCfg = Release|Any CPU
		{3BE49124-65D5-40C8-BE03-3D989A1603EC}.Release|Any CPU.Build.0 = Release|Any CPU
		{A482460E-30C0-470E-8698-17C00DF0230B}.Debug|Any CPU.ActiveCfg = Debug|Any CPU
		{A482460E-30C0-470E-8698-17C00DF0230B}.Debug|Any CPU.Build.0 = Debug|Any CPU
		{A482460E-30C0-470E-8698-17C00DF0230B}.Release|Any CPU.ActiveCfg = Release|Any CPU
		{A482460E-30C0-470E-8698-17C00DF0230B}.Release|Any CPU.Build.0 = Release|Any CPU
		{ACCCD95C-964A-450C-BC1A-0E127935E358}.Debug|Any CPU.ActiveCfg = Debug|Any CPU
		{ACCCD95C-964A-450C-BC1A-0E127935E358}.Debug|Any CPU.Build.0 = Debug|Any CPU
		{ACCCD95C-964A-450C-BC1A-0E127935E358}.Release|Any CPU.ActiveCfg = Release|Any CPU
		{ACCCD95C-964A-450C-BC1A-0E127935E358}.Release|Any CPU.Build.0 = Release|Any CPU
		{B3B28B96-F230-462A-BF26-2167BF0CADC9}.Debug|Any CPU.ActiveCfg = Debug|Any CPU
		{B3B28B96-F230-462A-BF26-2167BF0CADC9}.Debug|Any CPU.Build.0 = Debug|Any CPU
		{B3B28B96-F230-462A-BF26-2167BF0CADC9}.Release|Any CPU.ActiveCfg = Release|Any CPU
		{B3B28B96-F230-462A-BF26-2167BF0CADC9}.Release|Any CPU.Build.0 = Release|Any CPU
		{B17D10BB-C376-485A-882E-E9537338AE20}.Debug|Any CPU.ActiveCfg = Debug|Any CPU
		{B17D10BB-C376-485A-882E-E9537338AE20}.Debug|Any CPU.Build.0 = Debug|Any CPU
		{B17D10BB-C376-485A-882E-E9537338AE20}.Release|Any CPU.ActiveCfg = Release|Any CPU
		{B17D10BB-C376-485A-882E-E9537338AE20}.Release|Any CPU.Build.0 = Release|Any CPU
		{F99B211C-8C97-4E0C-B6A1-8A58FEF33220}.Debug|Any CPU.ActiveCfg = Debug|Any CPU
		{F99B211C-8C97-4E0C-B6A1-8A58FEF33220}.Debug|Any CPU.Build.0 = Debug|Any CPU
		{F99B211C-8C97-4E0C-B6A1-8A58FEF33220}.Release|Any CPU.ActiveCfg = Release|Any CPU
		{F99B211C-8C97-4E0C-B6A1-8A58FEF33220}.Release|Any CPU.Build.0 = Release|Any CPU
		{D062D6B6-82F3-40E5-9E56-8722786B5E86}.Debug|Any CPU.ActiveCfg = Debug|Any CPU
		{D062D6B6-82F3-40E5-9E56-8722786B5E86}.Debug|Any CPU.Build.0 = Debug|Any CPU
		{D062D6B6-82F3-40E5-9E56-8722786B5E86}.Release|Any CPU.ActiveCfg = Release|Any CPU
		{D062D6B6-82F3-40E5-9E56-8722786B5E86}.Release|Any CPU.Build.0 = Release|Any CPU
		{846529AC-06FE-4B35-BFCF-2D8EA991BF3D}.Debug|Any CPU.ActiveCfg = Debug|Any CPU
		{846529AC-06FE-4B35-BFCF-2D8EA991BF3D}.Debug|Any CPU.Build.0 = Debug|Any CPU
		{846529AC-06FE-4B35-BFCF-2D8EA991BF3D}.Release|Any CPU.ActiveCfg = Release|Any CPU
		{846529AC-06FE-4B35-BFCF-2D8EA991BF3D}.Release|Any CPU.Build.0 = Release|Any CPU
		{24625584-C0B9-4BCE-A5D7-209E0C1A8676}.Debug|Any CPU.ActiveCfg = Debug|Any CPU
		{24625584-C0B9-4BCE-A5D7-209E0C1A8676}.Debug|Any CPU.Build.0 = Debug|Any CPU
		{24625584-C0B9-4BCE-A5D7-209E0C1A8676}.Release|Any CPU.ActiveCfg = Release|Any CPU
		{24625584-C0B9-4BCE-A5D7-209E0C1A8676}.Release|Any CPU.Build.0 = Release|Any CPU
		{A6F6E3D8-F094-4C58-BE4D-C4C531F49FF7}.Debug|Any CPU.ActiveCfg = Debug|Any CPU
		{A6F6E3D8-F094-4C58-BE4D-C4C531F49FF7}.Debug|Any CPU.Build.0 = Debug|Any CPU
		{A6F6E3D8-F094-4C58-BE4D-C4C531F49FF7}.Release|Any CPU.ActiveCfg = Release|Any CPU
		{A6F6E3D8-F094-4C58-BE4D-C4C531F49FF7}.Release|Any CPU.Build.0 = Release|Any CPU
		{1469C3E4-4C19-42F2-8798-832A86990825}.Debug|Any CPU.ActiveCfg = Debug|Any CPU
		{1469C3E4-4C19-42F2-8798-832A86990825}.Debug|Any CPU.Build.0 = Debug|Any CPU
		{1469C3E4-4C19-42F2-8798-832A86990825}.Release|Any CPU.ActiveCfg = Release|Any CPU
		{1469C3E4-4C19-42F2-8798-832A86990825}.Release|Any CPU.Build.0 = Release|Any CPU
		{1780A79A-9A72-4F4A-AC39-FAAAEBE5AB33}.Debug|Any CPU.ActiveCfg = Debug|Any CPU
		{1780A79A-9A72-4F4A-AC39-FAAAEBE5AB33}.Debug|Any CPU.Build.0 = Debug|Any CPU
		{1780A79A-9A72-4F4A-AC39-FAAAEBE5AB33}.Release|Any CPU.ActiveCfg = Release|Any CPU
		{1780A79A-9A72-4F4A-AC39-FAAAEBE5AB33}.Release|Any CPU.Build.0 = Release|Any CPU
		{CF0DC324-9C57-4A4B-A34E-D798A1FF31BF}.Debug|Any CPU.ActiveCfg = Debug|Any CPU
		{CF0DC324-9C57-4A4B-A34E-D798A1FF31BF}.Debug|Any CPU.Build.0 = Debug|Any CPU
		{CF0DC324-9C57-4A4B-A34E-D798A1FF31BF}.Release|Any CPU.ActiveCfg = Release|Any CPU
		{CF0DC324-9C57-4A4B-A34E-D798A1FF31BF}.Release|Any CPU.Build.0 = Release|Any CPU
		{D4ADC476-E205-44B2-975E-5CE1493C4616}.Debug|Any CPU.ActiveCfg = Debug|Any CPU
		{D4ADC476-E205-44B2-975E-5CE1493C4616}.Debug|Any CPU.Build.0 = Debug|Any CPU
		{D4ADC476-E205-44B2-975E-5CE1493C4616}.Release|Any CPU.ActiveCfg = Release|Any CPU
		{D4ADC476-E205-44B2-975E-5CE1493C4616}.Release|Any CPU.Build.0 = Release|Any CPU
		{F14B1A6E-A1E3-4F32-901B-A0C07B0BCACA}.Debug|Any CPU.ActiveCfg = Debug|Any CPU
		{F14B1A6E-A1E3-4F32-901B-A0C07B0BCACA}.Debug|Any CPU.Build.0 = Debug|Any CPU
		{F14B1A6E-A1E3-4F32-901B-A0C07B0BCACA}.Release|Any CPU.ActiveCfg = Release|Any CPU
		{F14B1A6E-A1E3-4F32-901B-A0C07B0BCACA}.Release|Any CPU.Build.0 = Release|Any CPU
		{3CCD2CBB-8C71-4BF8-8BB1-B49E463B1558}.Debug|Any CPU.ActiveCfg = Debug|Any CPU
		{3CCD2CBB-8C71-4BF8-8BB1-B49E463B1558}.Debug|Any CPU.Build.0 = Debug|Any CPU
		{3CCD2CBB-8C71-4BF8-8BB1-B49E463B1558}.Release|Any CPU.ActiveCfg = Release|Any CPU
		{3CCD2CBB-8C71-4BF8-8BB1-B49E463B1558}.Release|Any CPU.Build.0 = Release|Any CPU
		{CFDCB67D-8AC2-4EB6-8F3C-D93659BF5A75}.Debug|Any CPU.ActiveCfg = Debug|Any CPU
		{CFDCB67D-8AC2-4EB6-8F3C-D93659BF5A75}.Debug|Any CPU.Build.0 = Debug|Any CPU
		{CFDCB67D-8AC2-4EB6-8F3C-D93659BF5A75}.Release|Any CPU.ActiveCfg = Release|Any CPU
		{CFDCB67D-8AC2-4EB6-8F3C-D93659BF5A75}.Release|Any CPU.Build.0 = Release|Any CPU
		{96530F8E-F241-4612-A62B-844B804B5065}.Debug|Any CPU.ActiveCfg = Debug|Any CPU
		{96530F8E-F241-4612-A62B-844B804B5065}.Debug|Any CPU.Build.0 = Debug|Any CPU
		{96530F8E-F241-4612-A62B-844B804B5065}.Release|Any CPU.ActiveCfg = Release|Any CPU
		{96530F8E-F241-4612-A62B-844B804B5065}.Release|Any CPU.Build.0 = Release|Any CPU
		{3D63CBF4-60AB-4D01-A230-104E3D606CA3}.Debug|Any CPU.ActiveCfg = Debug|Any CPU
		{3D63CBF4-60AB-4D01-A230-104E3D606CA3}.Debug|Any CPU.Build.0 = Debug|Any CPU
		{3D63CBF4-60AB-4D01-A230-104E3D606CA3}.Release|Any CPU.ActiveCfg = Release|Any CPU
		{3D63CBF4-60AB-4D01-A230-104E3D606CA3}.Release|Any CPU.Build.0 = Release|Any CPU
		{26A3A82E-4714-4920-9C09-772A88A83518}.Debug|Any CPU.ActiveCfg = Debug|Any CPU
		{26A3A82E-4714-4920-9C09-772A88A83518}.Debug|Any CPU.Build.0 = Debug|Any CPU
		{26A3A82E-4714-4920-9C09-772A88A83518}.Release|Any CPU.ActiveCfg = Release|Any CPU
		{26A3A82E-4714-4920-9C09-772A88A83518}.Release|Any CPU.Build.0 = Release|Any CPU
		{08A9BCCC-01D6-4200-AA11-C5A068BDAF0E}.Debug|Any CPU.ActiveCfg = Debug|Any CPU
		{08A9BCCC-01D6-4200-AA11-C5A068BDAF0E}.Debug|Any CPU.Build.0 = Debug|Any CPU
		{08A9BCCC-01D6-4200-AA11-C5A068BDAF0E}.Release|Any CPU.ActiveCfg = Release|Any CPU
		{08A9BCCC-01D6-4200-AA11-C5A068BDAF0E}.Release|Any CPU.Build.0 = Release|Any CPU
		{D67BD450-114C-4CFB-ACCC-833CE81B6443}.Debug|Any CPU.ActiveCfg = Debug|Any CPU
		{D67BD450-114C-4CFB-ACCC-833CE81B6443}.Debug|Any CPU.Build.0 = Debug|Any CPU
		{D67BD450-114C-4CFB-ACCC-833CE81B6443}.Release|Any CPU.ActiveCfg = Release|Any CPU
		{D67BD450-114C-4CFB-ACCC-833CE81B6443}.Release|Any CPU.Build.0 = Release|Any CPU
		{51F53721-E08B-480A-9FE9-9705BA78F4CE}.Debug|Any CPU.ActiveCfg = Debug|Any CPU
		{51F53721-E08B-480A-9FE9-9705BA78F4CE}.Debug|Any CPU.Build.0 = Debug|Any CPU
		{51F53721-E08B-480A-9FE9-9705BA78F4CE}.Release|Any CPU.ActiveCfg = Release|Any CPU
		{51F53721-E08B-480A-9FE9-9705BA78F4CE}.Release|Any CPU.Build.0 = Release|Any CPU
		{1B8059D1-7795-4904-B586-95ECDC8A1853}.Debug|Any CPU.ActiveCfg = Debug|Any CPU
		{1B8059D1-7795-4904-B586-95ECDC8A1853}.Debug|Any CPU.Build.0 = Debug|Any CPU
		{1B8059D1-7795-4904-B586-95ECDC8A1853}.Release|Any CPU.ActiveCfg = Release|Any CPU
		{1B8059D1-7795-4904-B586-95ECDC8A1853}.Release|Any CPU.Build.0 = Release|Any CPU
		{FE92A34B-27D0-48F4-A8EF-A9181F21692D}.Debug|Any CPU.ActiveCfg = Debug|Any CPU
		{FE92A34B-27D0-48F4-A8EF-A9181F21692D}.Debug|Any CPU.Build.0 = Debug|Any CPU
		{FE92A34B-27D0-48F4-A8EF-A9181F21692D}.Release|Any CPU.ActiveCfg = Release|Any CPU
		{FE92A34B-27D0-48F4-A8EF-A9181F21692D}.Release|Any CPU.Build.0 = Release|Any CPU
		{BA3BB8EE-BF1F-48E4-86A5-F62FFDD066B3}.Debug|Any CPU.ActiveCfg = Debug|Any CPU
		{BA3BB8EE-BF1F-48E4-86A5-F62FFDD066B3}.Debug|Any CPU.Build.0 = Debug|Any CPU
		{BA3BB8EE-BF1F-48E4-86A5-F62FFDD066B3}.Release|Any CPU.ActiveCfg = Release|Any CPU
		{BA3BB8EE-BF1F-48E4-86A5-F62FFDD066B3}.Release|Any CPU.Build.0 = Release|Any CPU
		{427AB5B5-F567-4C9F-9DE0-31F989B49CD0}.Debug|Any CPU.ActiveCfg = Debug|Any CPU
		{427AB5B5-F567-4C9F-9DE0-31F989B49CD0}.Debug|Any CPU.Build.0 = Debug|Any CPU
		{427AB5B5-F567-4C9F-9DE0-31F989B49CD0}.Release|Any CPU.ActiveCfg = Release|Any CPU
		{427AB5B5-F567-4C9F-9DE0-31F989B49CD0}.Release|Any CPU.Build.0 = Release|Any CPU
		{93D7B017-D4AF-4341-B761-8137879D4C85}.Debug|Any CPU.ActiveCfg = Debug|Any CPU
		{93D7B017-D4AF-4341-B761-8137879D4C85}.Debug|Any CPU.Build.0 = Debug|Any CPU
		{93D7B017-D4AF-4341-B761-8137879D4C85}.Release|Any CPU.ActiveCfg = Release|Any CPU
		{93D7B017-D4AF-4341-B761-8137879D4C85}.Release|Any CPU.Build.0 = Release|Any CPU
		{9DF2D7EB-8D61-4AFB-9875-C57D4312056A}.Debug|Any CPU.ActiveCfg = Debug|Any CPU
		{9DF2D7EB-8D61-4AFB-9875-C57D4312056A}.Debug|Any CPU.Build.0 = Debug|Any CPU
		{9DF2D7EB-8D61-4AFB-9875-C57D4312056A}.Release|Any CPU.ActiveCfg = Release|Any CPU
		{9DF2D7EB-8D61-4AFB-9875-C57D4312056A}.Release|Any CPU.Build.0 = Release|Any CPU
		{AD1F3DC6-4CFF-4778-A02A-E6C5DEBBF57B}.Debug|Any CPU.ActiveCfg = Debug|Any CPU
		{AD1F3DC6-4CFF-4778-A02A-E6C5DEBBF57B}.Debug|Any CPU.Build.0 = Debug|Any CPU
		{AD1F3DC6-4CFF-4778-A02A-E6C5DEBBF57B}.Release|Any CPU.ActiveCfg = Release|Any CPU
		{AD1F3DC6-4CFF-4778-A02A-E6C5DEBBF57B}.Release|Any CPU.Build.0 = Release|Any CPU
		{7D3C90A0-3322-4D43-B868-14FC220257D3}.Debug|Any CPU.ActiveCfg = Debug|Any CPU
		{7D3C90A0-3322-4D43-B868-14FC220257D3}.Debug|Any CPU.Build.0 = Debug|Any CPU
		{7D3C90A0-3322-4D43-B868-14FC220257D3}.Release|Any CPU.ActiveCfg = Release|Any CPU
		{7D3C90A0-3322-4D43-B868-14FC220257D3}.Release|Any CPU.Build.0 = Release|Any CPU
		{125D653F-D838-4E03-ABA0-1A0C5E501CD0}.Debug|Any CPU.ActiveCfg = Debug|Any CPU
		{125D653F-D838-4E03-ABA0-1A0C5E501CD0}.Debug|Any CPU.Build.0 = Debug|Any CPU
		{125D653F-D838-4E03-ABA0-1A0C5E501CD0}.Release|Any CPU.ActiveCfg = Release|Any CPU
		{125D653F-D838-4E03-ABA0-1A0C5E501CD0}.Release|Any CPU.Build.0 = Release|Any CPU
		{30EC33A6-0F6C-483D-B577-00071034C13E}.Debug|Any CPU.ActiveCfg = Debug|Any CPU
		{30EC33A6-0F6C-483D-B577-00071034C13E}.Debug|Any CPU.Build.0 = Debug|Any CPU
		{30EC33A6-0F6C-483D-B577-00071034C13E}.Release|Any CPU.ActiveCfg = Release|Any CPU
		{30EC33A6-0F6C-483D-B577-00071034C13E}.Release|Any CPU.Build.0 = Release|Any CPU
	EndGlobalSection
	GlobalSection(SolutionProperties) = preSolution
		HideSolutionNode = FALSE
	EndGlobalSection
	GlobalSection(ExtensibilityGlobals) = postSolution
		SolutionGuid = {AAB7FAC2-5B55-4529-9A1F-3EEA1506372B}
	EndGlobalSection
EndGlobal
